
Microsoft Visual Studio Solution File, Format Version 12.00
# Visual Studio 15
VisualStudioVersion = 15.0.27004.2009
MinimumVisualStudioVersion = 10.0.40219.1
Project("{8BC9CEB8-8B4A-11D0-8D11-00A0C91BC942}") = "DepthMap", "DepthMap\DepthMap.vcxproj", "{77A90771-C3C7-448C-9FB9-1F1E8B3E07BC}"
EndProject
Project("{8BC9CEB8-8B4A-11D0-8D11-00A0C91BC942}") = "FilterDepthMap", "FilterDepthMap\FilterDepthMap.vcxproj", "{DA5E24B1-81A6-421D-8F4C-61B1FD03C7AB}"
EndProject
Global
	GlobalSection(SolutionConfigurationPlatforms) = preSolution
		Debug|x64 = Debug|x64
		Debug|x86 = Debug|x86
		Release|x64 = Release|x64
		Release|x86 = Release|x86
	EndGlobalSection
	GlobalSection(ProjectConfigurationPlatforms) = postSolution
		{77A90771-C3C7-448C-9FB9-1F1E8B3E07BC}.Debug|x64.ActiveCfg = Debug|x64
		{77A90771-C3C7-448C-9FB9-1F1E8B3E07BC}.Debug|x64.Build.0 = Debug|x64
		{77A90771-C3C7-448C-9FB9-1F1E8B3E07BC}.Debug|x86.ActiveCfg = Debug|Win32
		{77A90771-C3C7-448C-9FB9-1F1E8B3E07BC}.Debug|x86.Build.0 = Debug|Win32
		{77A90771-C3C7-448C-9FB9-1F1E8B3E07BC}.Release|x64.ActiveCfg = Release|x64
		{77A90771-C3C7-448C-9FB9-1F1E8B3E07BC}.Release|x64.Build.0 = Release|x64
		{77A90771-C3C7-448C-9FB9-1F1E8B3E07BC}.Release|x86.ActiveCfg = Release|Win32
		{77A90771-C3C7-448C-9FB9-1F1E8B3E07BC}.Release|x86.Build.0 = Release|Win32
		{DA5E24B1-81A6-421D-8F4C-61B1FD03C7AB}.Debug|x64.ActiveCfg = Debug|x64
		{DA5E24B1-81A6-421D-8F4C-61B1FD03C7AB}.Debug|x64.Build.0 = Debug|x64
		{DA5E24B1-81A6-421D-8F4C-61B1FD03C7AB}.Debug|x86.ActiveCfg = Debug|Win32
		{DA5E24B1-81A6-421D-8F4C-61B1FD03C7AB}.Debug|x86.Build.0 = Debug|Win32
		{DA5E24B1-81A6-421D-8F4C-61B1FD03C7AB}.Release|x64.ActiveCfg = Release|x64
		{DA5E24B1-81A6-421D-8F4C-61B1FD03C7AB}.Release|x64.Build.0 = Release|x64
		{DA5E24B1-81A6-421D-8F4C-61B1FD03C7AB}.Release|x86.ActiveCfg = Release|Win32
		{DA5E24B1-81A6-421D-8F4C-61B1FD03C7AB}.Release|x86.Build.0 = Release|Win32
	EndGlobalSection
	GlobalSection(SolutionProperties) = preSolution
		HideSolutionNode = FALSE
	EndGlobalSection
	GlobalSection(ExtensibilityGlobals) = postSolution
		SolutionGuid = {6EA23C82-404C-4A36-B46E-6F25711F26E1}
	EndGlobalSection
EndGlobal
